// !$*UTF8*$!
{
	archiveVersion = 1;
	classes = {
	};
	objectVersion = 48;
	objects = {

/* Begin PBXBuildFile section */
		6F4997539E17057DF7CEA30C /* libPods-PodTestApp.a in Frameworks */ = {isa = PBXBuildFile; fileRef = 4C0E6EFF4570786A6F241AEF /* libPods-PodTestApp.a */; };
		C665D4EE1E3C748F005F6318 /* AppDelegate.swift in Sources */ = {isa = PBXBuildFile; fileRef = C665D4ED1E3C748F005F6318 /* AppDelegate.swift */; };
		C665D4F01E3C748F005F6318 /* ViewController.swift in Sources */ = {isa = PBXBuildFile; fileRef = C665D4EF1E3C748F005F6318 /* ViewController.swift */; };
		C665D4F31E3C748F005F6318 /* Main.storyboard in Resources */ = {isa = PBXBuildFile; fileRef = C665D4F11E3C748F005F6318 /* Main.storyboard */; };
		C665D4F51E3C748F005F6318 /* Assets.xcassets in Resources */ = {isa = PBXBuildFile; fileRef = C665D4F41E3C748F005F6318 /* Assets.xcassets */; };
		C665D4F81E3C748F005F6318 /* LaunchScreen.storyboard in Resources */ = {isa = PBXBuildFile; fileRef = C665D4F61E3C748F005F6318 /* LaunchScreen.storyboard */; };
		C665D5031E3C748F005F6318 /* PodTestAppTests.swift in Sources */ = {isa = PBXBuildFile; fileRef = C665D5021E3C748F005F6318 /* PodTestAppTests.swift */; };
		C665D50E1E3C748F005F6318 /* PodTestAppUITests.swift in Sources */ = {isa = PBXBuildFile; fileRef = C665D50D1E3C748F005F6318 /* PodTestAppUITests.swift */; };
/* End PBXBuildFile section */

/* Begin PBXContainerItemProxy section */
		C665D4FF1E3C748F005F6318 /* PBXContainerItemProxy */ = {
			isa = PBXContainerItemProxy;
			containerPortal = C665D4E21E3C748F005F6318 /* Project object */;
			proxyType = 1;
			remoteGlobalIDString = C665D4E91E3C748F005F6318;
			remoteInfo = PodTestApp;
		};
		C665D50A1E3C748F005F6318 /* PBXContainerItemProxy */ = {
			isa = PBXContainerItemProxy;
			containerPortal = C665D4E21E3C748F005F6318 /* Project object */;
			proxyType = 1;
			remoteGlobalIDString = C665D4E91E3C748F005F6318;
			remoteInfo = PodTestApp;
		};
/* End PBXContainerItemProxy section */

/* Begin PBXFileReference section */
		05C1F6CBA72445164F3AE8C7 /* Pods-PodTestApp.release.xcconfig */ = {isa = PBXFileReference; includeInIndex = 1; lastKnownFileType = text.xcconfig; name = "Pods-PodTestApp.release.xcconfig"; path = "Pods/Target Support Files/Pods-PodTestApp/Pods-PodTestApp.release.xcconfig"; sourceTree = "<group>"; };
		4C0E6EFF4570786A6F241AEF /* libPods-PodTestApp.a */ = {isa = PBXFileReference; explicitFileType = archive.ar; includeInIndex = 0; path = "libPods-PodTestApp.a"; sourceTree = BUILT_PRODUCTS_DIR; };
		5DF60B7958D758BC1DF4C401 /* Pods-PodTestApp.debug.xcconfig */ = {isa = PBXFileReference; includeInIndex = 1; lastKnownFileType = text.xcconfig; name = "Pods-PodTestApp.debug.xcconfig"; path = "Pods/Target Support Files/Pods-PodTestApp/Pods-PodTestApp.debug.xcconfig"; sourceTree = "<group>"; };
		C665D4EA1E3C748F005F6318 /* PodTestApp.app */ = {isa = PBXFileReference; explicitFileType = wrapper.application; includeInIndex = 0; path = PodTestApp.app; sourceTree = BUILT_PRODUCTS_DIR; };
		C665D4ED1E3C748F005F6318 /* AppDelegate.swift */ = {isa = PBXFileReference; lastKnownFileType = sourcecode.swift; path = AppDelegate.swift; sourceTree = "<group>"; };
		C665D4EF1E3C748F005F6318 /* ViewController.swift */ = {isa = PBXFileReference; lastKnownFileType = sourcecode.swift; path = ViewController.swift; sourceTree = "<group>"; };
		C665D4F21E3C748F005F6318 /* Base */ = {isa = PBXFileReference; lastKnownFileType = file.storyboard; name = Base; path = Base.lproj/Main.storyboard; sourceTree = "<group>"; };
		C665D4F41E3C748F005F6318 /* Assets.xcassets */ = {isa = PBXFileReference; lastKnownFileType = folder.assetcatalog; path = Assets.xcassets; sourceTree = "<group>"; };
		C665D4F71E3C748F005F6318 /* Base */ = {isa = PBXFileReference; lastKnownFileType = file.storyboard; name = Base; path = Base.lproj/LaunchScreen.storyboard; sourceTree = "<group>"; };
		C665D4F91E3C748F005F6318 /* Info.plist */ = {isa = PBXFileReference; lastKnownFileType = text.plist.xml; path = Info.plist; sourceTree = "<group>"; };
		C665D4FE1E3C748F005F6318 /* PodTestAppTests.xctest */ = {isa = PBXFileReference; explicitFileType = wrapper.cfbundle; includeInIndex = 0; path = PodTestAppTests.xctest; sourceTree = BUILT_PRODUCTS_DIR; };
		C665D5021E3C748F005F6318 /* PodTestAppTests.swift */ = {isa = PBXFileReference; lastKnownFileType = sourcecode.swift; path = PodTestAppTests.swift; sourceTree = "<group>"; };
		C665D5041E3C748F005F6318 /* Info.plist */ = {isa = PBXFileReference; lastKnownFileType = text.plist.xml; path = Info.plist; sourceTree = "<group>"; };
		C665D5091E3C748F005F6318 /* PodTestAppUITests.xctest */ = {isa = PBXFileReference; explicitFileType = wrapper.cfbundle; includeInIndex = 0; path = PodTestAppUITests.xctest; sourceTree = BUILT_PRODUCTS_DIR; };
		C665D50D1E3C748F005F6318 /* PodTestAppUITests.swift */ = {isa = PBXFileReference; lastKnownFileType = sourcecode.swift; path = PodTestAppUITests.swift; sourceTree = "<group>"; };
		C665D50F1E3C748F005F6318 /* Info.plist */ = {isa = PBXFileReference; lastKnownFileType = text.plist.xml; path = Info.plist; sourceTree = "<group>"; };
/* End PBXFileReference section */

/* Begin PBXFrameworksBuildPhase section */
		C665D4E71E3C748F005F6318 /* Frameworks */ = {
			isa = PBXFrameworksBuildPhase;
			buildActionMask = 2147483647;
			files = (
				6F4997539E17057DF7CEA30C /* libPods-PodTestApp.a in Frameworks */,
			);
			runOnlyForDeploymentPostprocessing = 0;
		};
		C665D4FB1E3C748F005F6318 /* Frameworks */ = {
			isa = PBXFrameworksBuildPhase;
			buildActionMask = 2147483647;
			files = (
			);
			runOnlyForDeploymentPostprocessing = 0;
		};
		C665D5061E3C748F005F6318 /* Frameworks */ = {
			isa = PBXFrameworksBuildPhase;
			buildActionMask = 2147483647;
			files = (
			);
			runOnlyForDeploymentPostprocessing = 0;
		};
/* End PBXFrameworksBuildPhase section */

/* Begin PBXGroup section */
		7F2C089E5DC38DEFEF5041DD /* Pods */ = {
			isa = PBXGroup;
			children = (
				5DF60B7958D758BC1DF4C401 /* Pods-PodTestApp.debug.xcconfig */,
				05C1F6CBA72445164F3AE8C7 /* Pods-PodTestApp.release.xcconfig */,
			);
			name = Pods;
			sourceTree = "<group>";
		};
		C665D4E11E3C748F005F6318 = {
			isa = PBXGroup;
			children = (
				C665D4EC1E3C748F005F6318 /* PodTestApp */,
				C665D5011E3C748F005F6318 /* PodTestAppTests */,
				C665D50C1E3C748F005F6318 /* PodTestAppUITests */,
				C665D4EB1E3C748F005F6318 /* Products */,
				7F2C089E5DC38DEFEF5041DD /* Pods */,
				E6E1680955C3100168E8C3BC /* Frameworks */,
			);
			sourceTree = "<group>";
		};
		C665D4EB1E3C748F005F6318 /* Products */ = {
			isa = PBXGroup;
			children = (
				C665D4EA1E3C748F005F6318 /* PodTestApp.app */,
				C665D4FE1E3C748F005F6318 /* PodTestAppTests.xctest */,
				C665D5091E3C748F005F6318 /* PodTestAppUITests.xctest */,
			);
			name = Products;
			sourceTree = "<group>";
		};
		C665D4EC1E3C748F005F6318 /* PodTestApp */ = {
			isa = PBXGroup;
			children = (
				C665D4ED1E3C748F005F6318 /* AppDelegate.swift */,
				C665D4EF1E3C748F005F6318 /* ViewController.swift */,
				C665D4F11E3C748F005F6318 /* Main.storyboard */,
				C665D4F41E3C748F005F6318 /* Assets.xcassets */,
				C665D4F61E3C748F005F6318 /* LaunchScreen.storyboard */,
				C665D4F91E3C748F005F6318 /* Info.plist */,
			);
			path = PodTestApp;
			sourceTree = "<group>";
		};
		C665D5011E3C748F005F6318 /* PodTestAppTests */ = {
			isa = PBXGroup;
			children = (
				C665D5021E3C748F005F6318 /* PodTestAppTests.swift */,
				C665D5041E3C748F005F6318 /* Info.plist */,
			);
			path = PodTestAppTests;
			sourceTree = "<group>";
		};
		C665D50C1E3C748F005F6318 /* PodTestAppUITests */ = {
			isa = PBXGroup;
			children = (
				C665D50D1E3C748F005F6318 /* PodTestAppUITests.swift */,
				C665D50F1E3C748F005F6318 /* Info.plist */,
			);
			path = PodTestAppUITests;
			sourceTree = "<group>";
		};
		E6E1680955C3100168E8C3BC /* Frameworks */ = {
			isa = PBXGroup;
			children = (
				4C0E6EFF4570786A6F241AEF /* libPods-PodTestApp.a */,
			);
			name = Frameworks;
			sourceTree = "<group>";
		};
/* End PBXGroup section */

/* Begin PBXNativeTarget section */
		C665D4E91E3C748F005F6318 /* PodTestApp */ = {
			isa = PBXNativeTarget;
			buildConfigurationList = C665D5121E3C748F005F6318 /* Build configuration list for PBXNativeTarget "PodTestApp" */;
			buildPhases = (
				4EC87653544ECB3702B64520 /* [CP] Check Pods Manifest.lock */,
				C665D4E61E3C748F005F6318 /* Sources */,
				C665D4E71E3C748F005F6318 /* Frameworks */,
				C665D4E81E3C748F005F6318 /* Resources */,
				7672DB3D6398A06E7A95ADF3 /* [CP] Embed Pods Frameworks */,
				C20F871EE8D8BD27A8EE1242 /* [CP] Copy Pods Resources */,
			);
			buildRules = (
			);
			dependencies = (
			);
			name = PodTestApp;
			productName = PodTestApp;
			productReference = C665D4EA1E3C748F005F6318 /* PodTestApp.app */;
			productType = "com.apple.product-type.application";
		};
		C665D4FD1E3C748F005F6318 /* PodTestAppTests */ = {
			isa = PBXNativeTarget;
			buildConfigurationList = C665D5151E3C748F005F6318 /* Build configuration list for PBXNativeTarget "PodTestAppTests" */;
			buildPhases = (
				C665D4FA1E3C748F005F6318 /* Sources */,
				C665D4FB1E3C748F005F6318 /* Frameworks */,
				C665D4FC1E3C748F005F6318 /* Resources */,
			);
			buildRules = (
			);
			dependencies = (
				C665D5001E3C748F005F6318 /* PBXTargetDependency */,
			);
			name = PodTestAppTests;
			productName = PodTestAppTests;
			productReference = C665D4FE1E3C748F005F6318 /* PodTestAppTests.xctest */;
			productType = "com.apple.product-type.bundle.unit-test";
		};
		C665D5081E3C748F005F6318 /* PodTestAppUITests */ = {
			isa = PBXNativeTarget;
			buildConfigurationList = C665D5181E3C748F005F6318 /* Build configuration list for PBXNativeTarget "PodTestAppUITests" */;
			buildPhases = (
				C665D5051E3C748F005F6318 /* Sources */,
				C665D5061E3C748F005F6318 /* Frameworks */,
				C665D5071E3C748F005F6318 /* Resources */,
			);
			buildRules = (
			);
			dependencies = (
				C665D50B1E3C748F005F6318 /* PBXTargetDependency */,
			);
			name = PodTestAppUITests;
			productName = PodTestAppUITests;
			productReference = C665D5091E3C748F005F6318 /* PodTestAppUITests.xctest */;
			productType = "com.apple.product-type.bundle.ui-testing";
		};
/* End PBXNativeTarget section */

/* Begin PBXProject section */
		C665D4E21E3C748F005F6318 /* Project object */ = {
			isa = PBXProject;
			attributes = {
				LastSwiftUpdateCheck = 0820;
				LastUpgradeCheck = 0820;
				ORGANIZATIONNAME = krMemo;
				TargetAttributes = {
					C665D4E91E3C748F005F6318 = {
						CreatedOnToolsVersion = 8.2.1;
						DevelopmentTeam = N5H3628677;
						ProvisioningStyle = Automatic;
					};
					C665D4FD1E3C748F005F6318 = {
						CreatedOnToolsVersion = 8.2.1;
						DevelopmentTeam = N5H3628677;
						ProvisioningStyle = Automatic;
						TestTargetID = C665D4E91E3C748F005F6318;
					};
					C665D5081E3C748F005F6318 = {
						CreatedOnToolsVersion = 8.2.1;
						DevelopmentTeam = N5H3628677;
						ProvisioningStyle = Automatic;
						TestTargetID = C665D4E91E3C748F005F6318;
					};
				};
			};
			buildConfigurationList = C665D4E51E3C748F005F6318 /* Build configuration list for PBXProject "PodTestApp" */;
			compatibilityVersion = "Xcode 8.0";
			developmentRegion = English;
			hasScannedForEncodings = 0;
			knownRegions = (
				en,
				Base,
			);
			mainGroup = C665D4E11E3C748F005F6318;
			productRefGroup = C665D4EB1E3C748F005F6318 /* Products */;
			projectDirPath = "";
			projectRoot = "";
			targets = (
				C665D4E91E3C748F005F6318 /* PodTestApp */,
				C665D4FD1E3C748F005F6318 /* PodTestAppTests */,
				C665D5081E3C748F005F6318 /* PodTestAppUITests */,
			);
		};
/* End PBXProject section */

/* Begin PBXResourcesBuildPhase section */
		C665D4E81E3C748F005F6318 /* Resources */ = {
			isa = PBXResourcesBuildPhase;
			buildActionMask = 2147483647;
			files = (
				C665D4F81E3C748F005F6318 /* LaunchScreen.storyboard in Resources */,
				C665D4F51E3C748F005F6318 /* Assets.xcassets in Resources */,
				C665D4F31E3C748F005F6318 /* Main.storyboard in Resources */,
			);
			runOnlyForDeploymentPostprocessing = 0;
		};
		C665D4FC1E3C748F005F6318 /* Resources */ = {
			isa = PBXResourcesBuildPhase;
			buildActionMask = 2147483647;
			files = (
			);
			runOnlyForDeploymentPostprocessing = 0;
		};
		C665D5071E3C748F005F6318 /* Resources */ = {
			isa = PBXResourcesBuildPhase;
			buildActionMask = 2147483647;
			files = (
			);
			runOnlyForDeploymentPostprocessing = 0;
		};
/* End PBXResourcesBuildPhase section */

/* Begin PBXShellScriptBuildPhase section */
		4EC87653544ECB3702B64520 /* [CP] Check Pods Manifest.lock */ = {
			isa = PBXShellScriptBuildPhase;
			buildActionMask = 2147483647;
			files = (
			);
			inputPaths = (
			);
			name = "[CP] Check Pods Manifest.lock";
			outputPaths = (
			);
			runOnlyForDeploymentPostprocessing = 0;
			shellPath = /bin/sh;
			shellScript = "diff \"${PODS_ROOT}/../Podfile.lock\" \"${PODS_ROOT}/Manifest.lock\" > /dev/null\nif [ $? != 0 ] ; then\n    # print error to STDERR\n    echo \"error: The sandbox is not in sync with the Podfile.lock. Run 'pod install' or update your CocoaPods installation.\" >&2\n    exit 1\nfi\n";
			showEnvVarsInLog = 0;
		};
		7672DB3D6398A06E7A95ADF3 /* [CP] Embed Pods Frameworks */ = {
			isa = PBXShellScriptBuildPhase;
			buildActionMask = 2147483647;
			files = (
			);
			inputPaths = (
			);
			name = "[CP] Embed Pods Frameworks";
			outputPaths = (
			);
			runOnlyForDeploymentPostprocessing = 0;
			shellPath = /bin/sh;
			shellScript = "\"${SRCROOT}/Pods/Target Support Files/Pods-PodTestApp/Pods-PodTestApp-frameworks.sh\"\n";
			showEnvVarsInLog = 0;
		};
		C20F871EE8D8BD27A8EE1242 /* [CP] Copy Pods Resources */ = {
			isa = PBXShellScriptBuildPhase;
			buildActionMask = 2147483647;
			files = (
			);
			inputPaths = (
			);
			name = "[CP] Copy Pods Resources";
			outputPaths = (
			);
			runOnlyForDeploymentPostprocessing = 0;
			shellPath = /bin/sh;
			shellScript = "\"${SRCROOT}/Pods/Target Support Files/Pods-PodTestApp/Pods-PodTestApp-resources.sh\"\n";
			showEnvVarsInLog = 0;
		};
/* End PBXShellScriptBuildPhase section */

/* Begin PBXSourcesBuildPhase section */
		C665D4E61E3C748F005F6318 /* Sources */ = {
			isa = PBXSourcesBuildPhase;
			buildActionMask = 2147483647;
			files = (
				C665D4F01E3C748F005F6318 /* ViewController.swift in Sources */,
				C665D4EE1E3C748F005F6318 /* AppDelegate.swift in Sources */,
			);
			runOnlyForDeploymentPostprocessing = 0;
		};
		C665D4FA1E3C748F005F6318 /* Sources */ = {
			isa = PBXSourcesBuildPhase;
			buildActionMask = 2147483647;
			files = (
				C665D5031E3C748F005F6318 /* PodTestAppTests.swift in Sources */,
			);
			runOnlyForDeploymentPostprocessing = 0;
		};
		C665D5051E3C748F005F6318 /* Sources */ = {
			isa = PBXSourcesBuildPhase;
			buildActionMask = 2147483647;
			files = (
				C665D50E1E3C748F005F6318 /* PodTestAppUITests.swift in Sources */,
			);
			runOnlyForDeploymentPostprocessing = 0;
		};
/* End PBXSourcesBuildPhase section */

/* Begin PBXTargetDependency section */
		C665D5001E3C748F005F6318 /* PBXTargetDependency */ = {
			isa = PBXTargetDependency;
			target = C665D4E91E3C748F005F6318 /* PodTestApp */;
			targetProxy = C665D4FF1E3C748F005F6318 /* PBXContainerItemProxy */;
		};
		C665D50B1E3C748F005F6318 /* PBXTargetDependency */ = {
			isa = PBXTargetDependency;
			target = C665D4E91E3C748F005F6318 /* PodTestApp */;
			targetProxy = C665D50A1E3C748F005F6318 /* PBXContainerItemProxy */;
		};
/* End PBXTargetDependency section */

/* Begin PBXVariantGroup section */
		C665D4F11E3C748F005F6318 /* Main.storyboard */ = {
			isa = PBXVariantGroup;
			children = (
				C665D4F21E3C748F005F6318 /* Base */,
			);
			name = Main.storyboard;
			sourceTree = "<group>";
		};
		C665D4F61E3C748F005F6318 /* LaunchScreen.storyboard */ = {
			isa = PBXVariantGroup;
			children = (
				C665D4F71E3C748F005F6318 /* Base */,
			);
			name = LaunchScreen.storyboard;
			sourceTree = "<group>";
		};
/* End PBXVariantGroup section */

/* Begin XCBuildConfiguration section */
		C665D5101E3C748F005F6318 /* Debug */ = {
			isa = XCBuildConfiguration;
			buildSettings = {
				ALWAYS_SEARCH_USER_PATHS = NO;
				CLANG_ANALYZER_NONNULL = YES;
				CLANG_CXX_LANGUAGE_STANDARD = "gnu++0x";
				CLANG_CXX_LIBRARY = "libc++";
				CLANG_ENABLE_MODULES = YES;
				CLANG_ENABLE_OBJC_ARC = YES;
				CLANG_WARN_BOOL_CONVERSION = YES;
				CLANG_WARN_CONSTANT_CONVERSION = YES;
				CLANG_WARN_DIRECT_OBJC_ISA_USAGE = YES_ERROR;
				CLANG_WARN_DOCUMENTATION_COMMENTS = YES;
				CLANG_WARN_EMPTY_BODY = YES;
				CLANG_WARN_ENUM_CONVERSION = YES;
				CLANG_WARN_INFINITE_RECURSION = YES;
				CLANG_WARN_INT_CONVERSION = YES;
				CLANG_WARN_OBJC_ROOT_CLASS = YES_ERROR;
				CLANG_WARN_SUSPICIOUS_MOVE = YES;
				CLANG_WARN_UNREACHABLE_CODE = YES;
				CLANG_WARN__DUPLICATE_METHOD_MATCH = YES;
				"CODE_SIGN_IDENTITY[sdk=iphoneos*]" = "iPhone Developer";
				COPY_PHASE_STRIP = NO;
				DEBUG_INFORMATION_FORMAT = dwarf;
				ENABLE_STRICT_OBJC_MSGSEND = YES;
				ENABLE_TESTABILITY = YES;
				GCC_C_LANGUAGE_STANDARD = gnu99;
				GCC_DYNAMIC_NO_PIC = NO;
				GCC_NO_COMMON_BLOCKS = YES;
				GCC_OPTIMIZATION_LEVEL = 0;
				GCC_PREPROCESSOR_DEFINITIONS = (
					"DEBUG=1",
					"$(inherited)",
				);
				GCC_WARN_64_TO_32_BIT_CONVERSION = YES;
				GCC_WARN_ABOUT_RETURN_TYPE = YES_ERROR;
				GCC_WARN_UNDECLARED_SELECTOR = YES;
				GCC_WARN_UNINITIALIZED_AUTOS = YES_AGGRESSIVE;
				GCC_WARN_UNUSED_FUNCTION = YES;
				GCC_WARN_UNUSED_VARIABLE = YES;
				IPHONEOS_DEPLOYMENT_TARGET = 10.2;
				MTL_ENABLE_DEBUG_INFO = YES;
				ONLY_ACTIVE_ARCH = YES;
				SDKROOT = iphoneos;
				SWIFT_ACTIVE_COMPILATION_CONDITIONS = DEBUG;
				SWIFT_OPTIMIZATION_LEVEL = "-Onone";
				TARGETED_DEVICE_FAMILY = "1,2";
			};
			name = Debug;
		};
		C665D5111E3C748F005F6318 /* Release */ = {
			isa = XCBuildConfiguration;
			buildSettings = {
				ALWAYS_SEARCH_USER_PATHS = NO;
				CLANG_ANALYZER_NONNULL = YES;
				CLANG_CXX_LANGUAGE_STANDARD = "gnu++0x";
				CLANG_CXX_LIBRARY = "libc++";
				CLANG_ENABLE_MODULES = YES;
				CLANG_ENABLE_OBJC_ARC = YES;
				CLANG_WARN_BOOL_CONVERSION = YES;
				CLANG_WARN_CONSTANT_CONVERSION = YES;
				CLANG_WARN_DIRECT_OBJC_ISA_USAGE = YES_ERROR;
				CLANG_WARN_DOCUMENTATION_COMMENTS = YES;
				CLANG_WARN_EMPTY_BODY = YES;
				CLANG_WARN_ENUM_CONVERSION = YES;
				CLANG_WARN_INFINITE_RECURSION = YES;
				CLANG_WARN_INT_CONVERSION = YES;
				CLANG_WARN_OBJC_ROOT_CLASS = YES_ERROR;
				CLANG_WARN_SUSPICIOUS_MOVE = YES;
				CLANG_WARN_UNREACHABLE_CODE = YES;
				CLANG_WARN__DUPLICATE_METHOD_MATCH = YES;
				"CODE_SIGN_IDENTITY[sdk=iphoneos*]" = "iPhone Developer";
				COPY_PHASE_STRIP = NO;
				DEBUG_INFORMATION_FORMAT = "dwarf-with-dsym";
				ENABLE_NS_ASSERTIONS = NO;
				ENABLE_STRICT_OBJC_MSGSEND = YES;
				GCC_C_LANGUAGE_STANDARD = gnu99;
				GCC_NO_COMMON_BLOCKS = YES;
				GCC_WARN_64_TO_32_BIT_CONVERSION = YES;
				GCC_WARN_ABOUT_RETURN_TYPE = YES_ERROR;
				GCC_WARN_UNDECLARED_SELECTOR = YES;
				GCC_WARN_UNINITIALIZED_AUTOS = YES_AGGRESSIVE;
				GCC_WARN_UNUSED_FUNCTION = YES;
				GCC_WARN_UNUSED_VARIABLE = YES;
				IPHONEOS_DEPLOYMENT_TARGET = 10.2;
				MTL_ENABLE_DEBUG_INFO = NO;
				SDKROOT = iphoneos;
				SWIFT_OPTIMIZATION_LEVEL = "-Owholemodule";
				TARGETED_DEVICE_FAMILY = "1,2";
				VALIDATE_PRODUCT = YES;
			};
			name = Release;
		};
		C665D5131E3C748F005F6318 /* Debug */ = {
			isa = XCBuildConfiguration;
			baseConfigurationReference = 5DF60B7958D758BC1DF4C401 /* Pods-PodTestApp.debug.xcconfig */;
			buildSettings = {
				ASSETCATALOG_COMPILER_APPICON_NAME = AppIcon;
				DEVELOPMENT_TEAM = N5H3628677;
				INFOPLIST_FILE = PodTestApp/Info.plist;
				IPHONEOS_DEPLOYMENT_TARGET = 10.2;
				LD_RUNPATH_SEARCH_PATHS = "$(inherited) @executable_path/Frameworks";
				PRODUCT_BUNDLE_IDENTIFIER = com.krm.PodTestApp;
				PRODUCT_NAME = "$(TARGET_NAME)";
				SWIFT_VERSION = 3.0;
			};
			name = Debug;
		};
		C665D5141E3C748F005F6318 /* Release */ = {
			isa = XCBuildConfiguration;
			baseConfigurationReference = 05C1F6CBA72445164F3AE8C7 /* Pods-PodTestApp.release.xcconfig */;
			buildSettings = {
				ASSETCATALOG_COMPILER_APPICON_NAME = AppIcon;
				DEVELOPMENT_TEAM = N5H3628677;
				INFOPLIST_FILE = PodTestApp/Info.plist;
				IPHONEOS_DEPLOYMENT_TARGET = 10.2;
				LD_RUNPATH_SEARCH_PATHS = "$(inherited) @executable_path/Frameworks";
				PRODUCT_BUNDLE_IDENTIFIER = com.krm.PodTestApp;
				PRODUCT_NAME = "$(TARGET_NAME)";
				SWIFT_VERSION = 3.0;
			};
			name = Release;
		};
		C665D5161E3C748F005F6318 /* Debug */ = {
			isa = XCBuildConfiguration;
			buildSettings = {
				ALWAYS_EMBED_SWIFT_STANDARD_LIBRARIES = YES;
				BUNDLE_LOADER = "$(TEST_HOST)";
				DEVELOPMENT_TEAM = N5H3628677;
				INFOPLIST_FILE = PodTestAppTests/Info.plist;
				LD_RUNPATH_SEARCH_PATHS = "$(inherited) @executable_path/Frameworks @loader_path/Frameworks";
				PRODUCT_BUNDLE_IDENTIFIER = com.krm.PodTestAppTests;
				PRODUCT_NAME = "$(TARGET_NAME)";
				SWIFT_VERSION = 3.0;
				TEST_HOST = "$(BUILT_PRODUCTS_DIR)/PodTestApp.app/PodTestApp";
			};
			name = Debug;
		};
		C665D5171E3C748F005F6318 /* Release */ = {
			isa = XCBuildConfiguration;
			buildSettings = {
				ALWAYS_EMBED_SWIFT_STANDARD_LIBRARIES = YES;
				BUNDLE_LOADER = "$(TEST_HOST)";
				DEVELOPMENT_TEAM = N5H3628677;
				INFOPLIST_FILE = PodTestAppTests/Info.plist;
				LD_RUNPATH_SEARCH_PATHS = "$(inherited) @executable_path/Frameworks @loader_path/Frameworks";
				PRODUCT_BUNDLE_IDENTIFIER = com.krm.PodTestAppTests;
				PRODUCT_NAME = "$(TARGET_NAME)";
				SWIFT_VERSION = 3.0;
				TEST_HOST = "$(BUILT_PRODUCTS_DIR)/PodTestApp.app/PodTestApp";
			};
			name = Release;
		};
		C665D5191E3C748F005F6318 /* Debug */ = {
			isa = XCBuildConfiguration;
			buildSettings = {
				ALWAYS_EMBED_SWIFT_STANDARD_LIBRARIES = YES;
				DEVELOPMENT_TEAM = N5H3628677;
				INFOPLIST_FILE = PodTestAppUITests/Info.plist;
				LD_RUNPATH_SEARCH_PATHS = "$(inherited) @executable_path/Frameworks @loader_path/Frameworks";
				PRODUCT_BUNDLE_IDENTIFIER = com.krm.PodTestAppUITests;
				PRODUCT_NAME = "$(TARGET_NAME)";
				SWIFT_VERSION = 3.0;
				TEST_TARGET_NAME = PodTestApp;
			};
			name = Debug;
		};
		C665D51A1E3C748F005F6318 /* Release */ = {
			isa = XCBuildConfiguration;
			buildSettings = {
				ALWAYS_EMBED_SWIFT_STANDARD_LIBRARIES = YES;
				DEVELOPMENT_TEAM = N5H3628677;
				INFOPLIST_FILE = PodTestAppUITests/Info.plist;
				LD_RUNPATH_SEARCH_PATHS = "$(inherited) @executable_path/Frameworks @loader_path/Frameworks";
				PRODUCT_BUNDLE_IDENTIFIER = com.krm.PodTestAppUITests;
				PRODUCT_NAME = "$(TARGET_NAME)";
				SWIFT_VERSION = 3.0;
				TEST_TARGET_NAME = PodTestApp;
			};
			name = Release;
		};
/* End XCBuildConfiguration section */

/* Begin XCConfigurationList section */
		C665D4E51E3C748F005F6318 /* Build configuration list for PBXProject "PodTestApp" */ = {
			isa = XCConfigurationList;
			buildConfigurations = (
				C665D5101E3C748F005F6318 /* Debug */,
				C665D5111E3C748F005F6318 /* Release */,
			);
			defaultConfigurationIsVisible = 0;
			defaultConfigurationName = Release;
		};
		C665D5121E3C748F005F6318 /* Build configuration list for PBXNativeTarget "PodTestApp" */ = {
			isa = XCConfigurationList;
			buildConfigurations = (
				C665D5131E3C748F005F6318 /* Debug */,
				C665D5141E3C748F005F6318 /* Release */,
			);
			defaultConfigurationIsVisible = 0;
			defaultConfigurationName = Release;
		};
		C665D5151E3C748F005F6318 /* Build configuration list for PBXNativeTarget "PodTestAppTests" */ = {
			isa = XCConfigurationList;
			buildConfigurations = (
				C665D5161E3C748F005F6318 /* Debug */,
				C665D5171E3C748F005F6318 /* Release */,
			);
			defaultConfigurationIsVisible = 0;
			defaultConfigurationName = Release;
		};
		C665D5181E3C748F005F6318 /* Build configuration list for PBXNativeTarget "PodTestAppUITests" */ = {
			isa = XCConfigurationList;
			buildConfigurations = (
				C665D5191E3C748F005F6318 /* Debug */,
				C665D51A1E3C748F005F6318 /* Release */,
			);
			defaultConfigurationIsVisible = 0;
			defaultConfigurationName = Release;
		};
/* End XCConfigurationList section */
	};
	rootObject = C665D4E21E3C748F005F6318 /* Project object */;
}
